
Microsoft Visual Studio Solution File, Format Version 12.00
# Visual Studio 14
VisualStudioVersion = 14.0.25420.1
MinimumVisualStudioVersion = 10.0.40219.1
Project("{FAE04EC0-301F-11D3-BF4B-00C04F79EFBC}") = "UniqueId", "UniqueID\UniqueId.csproj", "{390C2AFC-D0BA-4BF4-AB78-06AD6246E2C2}"
EndProject
Project("{FAE04EC0-301F-11D3-BF4B-00C04F79EFBC}") = "UniqueIdTests", "UniqueIDTests\UniqueIdTests.csproj", "{353B1ACB-2236-4069-BE93-FD4C4DC0CA3E}"
EndProject
Project("{FAE04EC0-301F-11D3-BF4B-00C04F79EFBC}") = "UniqueIdCmd", "UniqueIdCmd\UniqueIdCmd.csproj", "{B3D31ACB-B8F4-40CB-A251-F7672A1D9C6B}"
EndProject
Project("{8BC9CEB8-8B4A-11D0-8D11-00A0C91BC942}") = "UniqueIdCpp", "UniqueIdCpp\UniqueIdCpp.vcxproj", "{51017E46-439C-4396-A683-1F81E28397AF}"
EndProject
Project("{8BC9CEB8-8B4A-11D0-8D11-00A0C91BC942}") = "UniqueIdCppCmd", "UniqueIdCppCmd\UniqueIdCppCmd.vcxproj", "{2BDA5650-0D1D-4234-8CF3-ADC97AB647D4}"
	ProjectSection(ProjectDependencies) = postProject
		{51017E46-439C-4396-A683-1F81E28397AF} = {51017E46-439C-4396-A683-1F81E28397AF}
	EndProjectSection
EndProject
Global
	GlobalSection(SolutionConfigurationPlatforms) = preSolution
		Debug|x64 = Debug|x64
		Release|x64 = Release|x64
	EndGlobalSection
	GlobalSection(ProjectConfigurationPlatforms) = postSolution
		{390C2AFC-D0BA-4BF4-AB78-06AD6246E2C2}.Debug|x64.ActiveCfg = Debug|Any CPU
		{390C2AFC-D0BA-4BF4-AB78-06AD6246E2C2}.Debug|x64.Build.0 = Debug|Any CPU
		{390C2AFC-D0BA-4BF4-AB78-06AD6246E2C2}.Release|x64.ActiveCfg = Release|Any CPU
		{390C2AFC-D0BA-4BF4-AB78-06AD6246E2C2}.Release|x64.Build.0 = Release|Any CPU
		{353B1ACB-2236-4069-BE93-FD4C4DC0CA3E}.Debug|x64.ActiveCfg = Debug|Any CPU
		{353B1ACB-2236-4069-BE93-FD4C4DC0CA3E}.Debug|x64.Build.0 = Debug|Any CPU
		{353B1ACB-2236-4069-BE93-FD4C4DC0CA3E}.Release|x64.ActiveCfg = Release|Any CPU
		{353B1ACB-2236-4069-BE93-FD4C4DC0CA3E}.Release|x64.Build.0 = Release|Any CPU
		{B3D31ACB-B8F4-40CB-A251-F7672A1D9C6B}.Debug|x64.ActiveCfg = Debug|Any CPU
		{B3D31ACB-B8F4-40CB-A251-F7672A1D9C6B}.Debug|x64.Build.0 = Debug|Any CPU
		{B3D31ACB-B8F4-40CB-A251-F7672A1D9C6B}.Release|x64.ActiveCfg = Release|Any CPU
		{B3D31ACB-B8F4-40CB-A251-F7672A1D9C6B}.Release|x64.Build.0 = Release|Any CPU
		{51017E46-439C-4396-A683-1F81E28397AF}.Debug|x64.ActiveCfg = Debug|x64
		{51017E46-439C-4396-A683-1F81E28397AF}.Debug|x64.Build.0 = Debug|x64
		{51017E46-439C-4396-A683-1F81E28397AF}.Release|x64.ActiveCfg = Release|x64
		{51017E46-439C-4396-A683-1F81E28397AF}.Release|x64.Build.0 = Release|x64
		{2BDA5650-0D1D-4234-8CF3-ADC97AB647D4}.Debug|x64.ActiveCfg = Debug|x64
		{2BDA5650-0D1D-4234-8CF3-ADC97AB647D4}.Debug|x64.Build.0 = Debug|x64
		{2BDA5650-0D1D-4234-8CF3-ADC97AB647D4}.Release|x64.ActiveCfg = Release|x64
		{2BDA5650-0D1D-4234-8CF3-ADC97AB647D4}.Release|x64.Build.0 = Release|x64
	EndGlobalSection
	GlobalSection(SolutionProperties) = preSolution
		HideSolutionNode = FALSE
	EndGlobalSection
EndGlobal
